
Microsoft Visual Studio Solution File, Format Version 12.00
# Visual Studio Version 16
VisualStudioVersion = 16.0.31515.178
MinimumVisualStudioVersion = 10.0.40219.1
Project("{FAE04EC0-301F-11D3-BF4B-00C04F79EFBC}") = "MlsaBadgeMaker.App", "MlsaBadgeMaker.App\MlsaBadgeMaker.App.csproj", "{3FD0FF16-F618-4998-8830-02BBC617ED9C}"
EndProject
Global
	GlobalSection(SolutionConfigurationPlatforms) = preSolution
		Debug|Any CPU = Debug|Any CPU
		Release|Any CPU = Release|Any CPU
	EndGlobalSection
	GlobalSection(ProjectConfigurationPlatforms) = postSolution
		{3FD0FF16-F618-4998-8830-02BBC617ED9C}.Debug|Any CPU.ActiveCfg = Debug|Any CPU
		{3FD0FF16-F618-4998-8830-02BBC617ED9C}.Debug|Any CPU.Build.0 = Debug|Any CPU
		{3FD0FF16-F618-4998-8830-02BBC617ED9C}.Release|Any CPU.ActiveCfg = Release|Any CPU
		{3FD0FF16-F618-4998-8830-02BBC617ED9C}.Release|Any CPU.Build.0 = Release|Any CPU
	EndGlobalSection
	GlobalSection(SolutionProperties) = preSolution
		HideSolutionNode = FALSE
	EndGlobalSection
	GlobalSection(ExtensibilityGlobals) = postSolution
		SolutionGuid = {7DBDC84D-DD7A-45D3-81C2-8FA1AE8CDBF1}
	EndGlobalSection
EndGlobal
